// !$*UTF8*$!
{
	archiveVersion = 1;
	classes = {
	};
	objectVersion = 56;
	objects = {

/* Begin PBXBuildFile section */
		DD09E8C32B28396400235491 /* Appcontroller.swift in Sources */ = {isa = PBXBuildFile; fileRef = DD09E8C12B28396400235491 /* Appcontroller.swift */; };
		DD09E8C42B28396400235491 /* Coordinator.swift in Sources */ = {isa = PBXBuildFile; fileRef = DD09E8C22B28396400235491 /* Coordinator.swift */; };
		DD09E8D02B283EFC00235491 /* Color.swift in Sources */ = {isa = PBXBuildFile; fileRef = DD09E8C72B283EFB00235491 /* Color.swift */; };
		DD09E8D12B283EFC00235491 /* Inter-Medium.ttf in Resources */ = {isa = PBXBuildFile; fileRef = DD09E8C92B283EFC00235491 /* Inter-Medium.ttf */; };
		DD09E8D22B283EFC00235491 /* Inter-Light.ttf in Resources */ = {isa = PBXBuildFile; fileRef = DD09E8CA2B283EFC00235491 /* Inter-Light.ttf */; };
		DD09E8D32B283EFC00235491 /* Inter-Bold.ttf in Resources */ = {isa = PBXBuildFile; fileRef = DD09E8CB2B283EFC00235491 /* Inter-Bold.ttf */; };
		DD09E8D42B283EFC00235491 /* Inter-Regular.ttf in Resources */ = {isa = PBXBuildFile; fileRef = DD09E8CC2B283EFC00235491 /* Inter-Regular.ttf */; };
		DD09E8D52B283EFC00235491 /* Inter-SemiBold.ttf in Resources */ = {isa = PBXBuildFile; fileRef = DD09E8CD2B283EFC00235491 /* Inter-SemiBold.ttf */; };
		DD09E8D62B283EFC00235491 /* Font.swift in Sources */ = {isa = PBXBuildFile; fileRef = DD09E8CE2B283EFC00235491 /* Font.swift */; };
		DD09E8D72B283EFC00235491 /* Views.swift in Sources */ = {isa = PBXBuildFile; fileRef = DD09E8CF2B283EFC00235491 /* Views.swift */; };
		DD09E8DA2B28472F00235491 /* RegistrationView.swift in Sources */ = {isa = PBXBuildFile; fileRef = DD09E8D92B28472F00235491 /* RegistrationView.swift */; };
		DDAE12A92B35858F00E03530 /* Launch Screen.storyboard in Resources */ = {isa = PBXBuildFile; fileRef = DDAE12A82B35858E00E03530 /* Launch Screen.storyboard */; };
		DDB148B02B3023A600080396 /* Shimmer.swift in Sources */ = {isa = PBXBuildFile; fileRef = DDB148AF2B3023A600080396 /* Shimmer.swift */; };
		DDBBF5882B2A9115002F0C94 /* ContentViewModel.swift in Sources */ = {isa = PBXBuildFile; fileRef = DDBBF5872B2A9115002F0C94 /* ContentViewModel.swift */; };
		DDC35EEC2B32C7F200A20DDE /* Kingfisher in Frameworks */ = {isa = PBXBuildFile; productRef = DDC35EEB2B32C7F200A20DDE /* Kingfisher */; };
		DDC6DAB22B2BED9C007828ED /* NewMessageViewModel.swift in Sources */ = {isa = PBXBuildFile; fileRef = DDC6DAB12B2BED9C007828ED /* NewMessageViewModel.swift */; };
		DDC6DAB42B2BF78B007828ED /* Message.swift in Sources */ = {isa = PBXBuildFile; fileRef = DDC6DAB32B2BF78B007828ED /* Message.swift */; };
		DDC6DAB62B2BF953007828ED /* MessageService.swift in Sources */ = {isa = PBXBuildFile; fileRef = DDC6DAB52B2BF953007828ED /* MessageService.swift */; };
		DDC6DABA2B2C00B4007828ED /* ChatViewModel.swift in Sources */ = {isa = PBXBuildFile; fileRef = DDC6DAB92B2C00B4007828ED /* ChatViewModel.swift */; };
		DDC6DABD2B2C3F6B007828ED /* ChatService.swift in Sources */ = {isa = PBXBuildFile; fileRef = DDC6DABC2B2C3F6B007828ED /* ChatService.swift */; };
		DDC6DABF2B2C40A6007828ED /* Constant.swift in Sources */ = {isa = PBXBuildFile; fileRef = DDC6DABE2B2C40A6007828ED /* Constant.swift */; };
		DDC6DAC22B2C4470007828ED /* InboxService.swift in Sources */ = {isa = PBXBuildFile; fileRef = DDC6DAC12B2C4470007828ED /* InboxService.swift */; };
		DDC728272B293CA800B068E6 /* InboxView.swift in Sources */ = {isa = PBXBuildFile; fileRef = DDC728262B293CA800B068E6 /* InboxView.swift */; };
		DDC7282A2B293EF200B068E6 /* ActiveNowView.swift in Sources */ = {isa = PBXBuildFile; fileRef = DDC728292B293EF200B068E6 /* ActiveNowView.swift */; };
		DDC7282C2B29425200B068E6 /* InboxRowView.swift in Sources */ = {isa = PBXBuildFile; fileRef = DDC7282B2B29425200B068E6 /* InboxRowView.swift */; };
		DDC7282F2B2947F400B068E6 /* NewMessageView.swift in Sources */ = {isa = PBXBuildFile; fileRef = DDC7282E2B2947F400B068E6 /* NewMessageView.swift */; };
		DDC728342B29514900B068E6 /* ProfileView.swift in Sources */ = {isa = PBXBuildFile; fileRef = DDC728332B29514900B068E6 /* ProfileView.swift */; };
		DDC728362B29538300B068E6 /* SettingOptionsViewModel.swift in Sources */ = {isa = PBXBuildFile; fileRef = DDC728352B29538300B068E6 /* SettingOptionsViewModel.swift */; };
		DDC728382B29599C00B068E6 /* ProfileViewModel.swift in Sources */ = {isa = PBXBuildFile; fileRef = DDC728372B29599C00B068E6 /* ProfileViewModel.swift */; };
		DDC7283A2B295DC400B068E6 /* User.swift in Sources */ = {isa = PBXBuildFile; fileRef = DDC728392B295DC400B068E6 /* User.swift */; };
		DDC7283D2B2963E600B068E6 /* CircularProfileImageView.swift in Sources */ = {isa = PBXBuildFile; fileRef = DDC7283C2B2963E600B068E6 /* CircularProfileImageView.swift */; };
		DDC728402B298C9200B068E6 /* ChatView.swift in Sources */ = {isa = PBXBuildFile; fileRef = DDC7283F2B298C9200B068E6 /* ChatView.swift */; };
		DDC728422B29906100B068E6 /* ChatMessageCell.swift in Sources */ = {isa = PBXBuildFile; fileRef = DDC728412B29906100B068E6 /* ChatMessageCell.swift */; };
		DDC728592B29A55300B068E6 /* GoogleService-Info.plist in Resources */ = {isa = PBXBuildFile; fileRef = DDC728582B29A55300B068E6 /* GoogleService-Info.plist */; };
		DDC7285C2B29A60400B068E6 /* FirebaseAnalytics in Frameworks */ = {isa = PBXBuildFile; productRef = DDC7285B2B29A60400B068E6 /* FirebaseAnalytics */; };
		DDC7285E2B29A60400B068E6 /* FirebaseAnalyticsOnDeviceConversion in Frameworks */ = {isa = PBXBuildFile; productRef = DDC7285D2B29A60400B068E6 /* FirebaseAnalyticsOnDeviceConversion */; };
		DDC728602B29A60400B068E6 /* FirebaseAnalyticsSwift in Frameworks */ = {isa = PBXBuildFile; productRef = DDC7285F2B29A60400B068E6 /* FirebaseAnalyticsSwift */; };
		DDC728622B29A60400B068E6 /* FirebaseAnalyticsWithoutAdIdSupport in Frameworks */ = {isa = PBXBuildFile; productRef = DDC728612B29A60400B068E6 /* FirebaseAnalyticsWithoutAdIdSupport */; };
		DDC728642B29A60400B068E6 /* FirebaseAppCheck in Frameworks */ = {isa = PBXBuildFile; productRef = DDC728632B29A60400B068E6 /* FirebaseAppCheck */; };
		DDC728662B29A60400B068E6 /* FirebaseAppDistribution-Beta in Frameworks */ = {isa = PBXBuildFile; productRef = DDC728652B29A60400B068E6 /* FirebaseAppDistribution-Beta */; };
		DDC728682B29A60400B068E6 /* FirebaseAuth in Frameworks */ = {isa = PBXBuildFile; productRef = DDC728672B29A60400B068E6 /* FirebaseAuth */; };
		DDC7286A2B29A60400B068E6 /* FirebaseAuthCombine-Community in Frameworks */ = {isa = PBXBuildFile; productRef = DDC728692B29A60400B068E6 /* FirebaseAuthCombine-Community */; };
		DDC7286C2B29A60400B068E6 /* FirebaseCrashlytics in Frameworks */ = {isa = PBXBuildFile; productRef = DDC7286B2B29A60400B068E6 /* FirebaseCrashlytics */; };
		DDC7286E2B29A60400B068E6 /* FirebaseDatabase in Frameworks */ = {isa = PBXBuildFile; productRef = DDC7286D2B29A60400B068E6 /* FirebaseDatabase */; };
		DDC728702B29A60400B068E6 /* FirebaseDatabaseSwift in Frameworks */ = {isa = PBXBuildFile; productRef = DDC7286F2B29A60400B068E6 /* FirebaseDatabaseSwift */; };
		DDC728722B29A60400B068E6 /* FirebaseDynamicLinks in Frameworks */ = {isa = PBXBuildFile; productRef = DDC728712B29A60400B068E6 /* FirebaseDynamicLinks */; };
		DDC728742B29A60400B068E6 /* FirebaseFirestore in Frameworks */ = {isa = PBXBuildFile; productRef = DDC728732B29A60400B068E6 /* FirebaseFirestore */; };
		DDC728762B29A60400B068E6 /* FirebaseFirestoreCombine-Community in Frameworks */ = {isa = PBXBuildFile; productRef = DDC728752B29A60400B068E6 /* FirebaseFirestoreCombine-Community */; };
		DDC728782B29A60400B068E6 /* FirebaseFirestoreSwift in Frameworks */ = {isa = PBXBuildFile; productRef = DDC728772B29A60400B068E6 /* FirebaseFirestoreSwift */; };
		DDC7287A2B29A60400B068E6 /* FirebaseFunctions in Frameworks */ = {isa = PBXBuildFile; productRef = DDC728792B29A60400B068E6 /* FirebaseFunctions */; };
		DDC7287C2B29A60400B068E6 /* FirebaseFunctionsCombine-Community in Frameworks */ = {isa = PBXBuildFile; productRef = DDC7287B2B29A60400B068E6 /* FirebaseFunctionsCombine-Community */; };
		DDC7287E2B29A60400B068E6 /* FirebaseInAppMessaging-Beta in Frameworks */ = {isa = PBXBuildFile; productRef = DDC7287D2B29A60400B068E6 /* FirebaseInAppMessaging-Beta */; };
		DDC728802B29A60400B068E6 /* FirebaseInAppMessagingSwift-Beta in Frameworks */ = {isa = PBXBuildFile; productRef = DDC7287F2B29A60400B068E6 /* FirebaseInAppMessagingSwift-Beta */; };
		DDC728822B29A60400B068E6 /* FirebaseInstallations in Frameworks */ = {isa = PBXBuildFile; productRef = DDC728812B29A60400B068E6 /* FirebaseInstallations */; };
		DDC728842B29A60400B068E6 /* FirebaseMLModelDownloader in Frameworks */ = {isa = PBXBuildFile; productRef = DDC728832B29A60400B068E6 /* FirebaseMLModelDownloader */; };
		DDC728862B29A60400B068E6 /* FirebaseMessaging in Frameworks */ = {isa = PBXBuildFile; productRef = DDC728852B29A60400B068E6 /* FirebaseMessaging */; };
		DDC728882B29A60400B068E6 /* FirebasePerformance in Frameworks */ = {isa = PBXBuildFile; productRef = DDC728872B29A60400B068E6 /* FirebasePerformance */; };
		DDC7288A2B29A60400B068E6 /* FirebaseRemoteConfig in Frameworks */ = {isa = PBXBuildFile; productRef = DDC728892B29A60400B068E6 /* FirebaseRemoteConfig */; };
		DDC7288C2B29A60400B068E6 /* FirebaseRemoteConfigSwift in Frameworks */ = {isa = PBXBuildFile; productRef = DDC7288B2B29A60400B068E6 /* FirebaseRemoteConfigSwift */; };
		DDC7288E2B29A60400B068E6 /* FirebaseStorage in Frameworks */ = {isa = PBXBuildFile; productRef = DDC7288D2B29A60400B068E6 /* FirebaseStorage */; };
		DDC728902B29A60400B068E6 /* FirebaseStorageCombine-Community in Frameworks */ = {isa = PBXBuildFile; productRef = DDC7288F2B29A60400B068E6 /* FirebaseStorageCombine-Community */; };
		DDC728942B29A94B00B068E6 /* LoginViewModel.swift in Sources */ = {isa = PBXBuildFile; fileRef = DDC728932B29A94B00B068E6 /* LoginViewModel.swift */; };
		DDC728962B29A98C00B068E6 /* RegistrationViewModel.swift in Sources */ = {isa = PBXBuildFile; fileRef = DDC728952B29A98C00B068E6 /* RegistrationViewModel.swift */; };
		DDC728982B29A9B700B068E6 /* AuthService.swift in Sources */ = {isa = PBXBuildFile; fileRef = DDC728972B29A9B700B068E6 /* AuthService.swift */; };
		DDD1E2362B28141A0047F456 /* Messenger_SwiftUIApp.swift in Sources */ = {isa = PBXBuildFile; fileRef = DDD1E2352B28141A0047F456 /* Messenger_SwiftUIApp.swift */; };
		DDD1E2382B28141A0047F456 /* ContentView.swift in Sources */ = {isa = PBXBuildFile; fileRef = DDD1E2372B28141A0047F456 /* ContentView.swift */; };
		DDD1E23C2B28141B0047F456 /* Assets.xcassets in Resources */ = {isa = PBXBuildFile; fileRef = DDD1E23B2B28141B0047F456 /* Assets.xcassets */; };
		DDD1E23F2B28141B0047F456 /* Preview Assets.xcassets in Resources */ = {isa = PBXBuildFile; fileRef = DDD1E23E2B28141B0047F456 /* Preview Assets.xcassets */; };
		DDD1E24F2B2815370047F456 /* LoginView.swift in Sources */ = {isa = PBXBuildFile; fileRef = DDD1E24E2B2815370047F456 /* LoginView.swift */; };
		DDE0F46A2B2ADC6B0089F94C /* UserService.swift in Sources */ = {isa = PBXBuildFile; fileRef = DDE0F4692B2ADC6B0089F94C /* UserService.swift */; };
		DDE0F46C2B2AEC520089F94C /* LoadingView.swift in Sources */ = {isa = PBXBuildFile; fileRef = DDE0F46B2B2AEC520089F94C /* LoadingView.swift */; };
		DDE0F46E2B2AEE980089F94C /* LocalNotification.swift in Sources */ = {isa = PBXBuildFile; fileRef = DDE0F46D2B2AEE980089F94C /* LocalNotification.swift */; };
		DDE0F4702B2AEEDD0089F94C /* NotificationView.swift in Sources */ = {isa = PBXBuildFile; fileRef = DDE0F46F2B2AEEDD0089F94C /* NotificationView.swift */; };
		DDE0F4722B2AEFD20089F94C /* RootView.swift in Sources */ = {isa = PBXBuildFile; fileRef = DDE0F4712B2AEFD20089F94C /* RootView.swift */; };
		DDE0F4762B2AF9E50089F94C /* InboxViewModel.swift in Sources */ = {isa = PBXBuildFile; fileRef = DDE0F4752B2AF9E50089F94C /* InboxViewModel.swift */; };
		DDFBC9052B2D34BB00A050E9 /* Date.swift in Sources */ = {isa = PBXBuildFile; fileRef = DDFBC9042B2D34BB00A050E9 /* Date.swift */; };
		DDFBC9092B2D389A00A050E9 /* ActiveNowViewModel.swift in Sources */ = {isa = PBXBuildFile; fileRef = DDFBC9082B2D389A00A050E9 /* ActiveNowViewModel.swift */; };
		DDFBC90C2B2D3B5900A050E9 /* Route.swift in Sources */ = {isa = PBXBuildFile; fileRef = DDFBC90B2B2D3B5900A050E9 /* Route.swift */; };
		DDFBC90E2B2D4B9300A050E9 /* ChangeDarkLightView.swift in Sources */ = {isa = PBXBuildFile; fileRef = DDFBC90D2B2D4B9300A050E9 /* ChangeDarkLightView.swift */; };
/* End PBXBuildFile section */

/* Begin PBXFileReference section */
		DD09E8C12B28396400235491 /* Appcontroller.swift */ = {isa = PBXFileReference; fileEncoding = 4; lastKnownFileType = sourcecode.swift; path = Appcontroller.swift; sourceTree = "<group>"; };
		DD09E8C22B28396400235491 /* Coordinator.swift */ = {isa = PBXFileReference; fileEncoding = 4; lastKnownFileType = sourcecode.swift; path = Coordinator.swift; sourceTree = "<group>"; };
		DD09E8C72B283EFB00235491 /* Color.swift */ = {isa = PBXFileReference; fileEncoding = 4; lastKnownFileType = sourcecode.swift; path = Color.swift; sourceTree = "<group>"; };
		DD09E8C92B283EFC00235491 /* Inter-Medium.ttf */ = {isa = PBXFileReference; lastKnownFileType = file; path = "Inter-Medium.ttf"; sourceTree = "<group>"; };
		DD09E8CA2B283EFC00235491 /* Inter-Light.ttf */ = {isa = PBXFileReference; lastKnownFileType = file; path = "Inter-Light.ttf"; sourceTree = "<group>"; };
		DD09E8CB2B283EFC00235491 /* Inter-Bold.ttf */ = {isa = PBXFileReference; lastKnownFileType = file; path = "Inter-Bold.ttf"; sourceTree = "<group>"; };
		DD09E8CC2B283EFC00235491 /* Inter-Regular.ttf */ = {isa = PBXFileReference; lastKnownFileType = file; path = "Inter-Regular.ttf"; sourceTree = "<group>"; };
		DD09E8CD2B283EFC00235491 /* Inter-SemiBold.ttf */ = {isa = PBXFileReference; lastKnownFileType = file; path = "Inter-SemiBold.ttf"; sourceTree = "<group>"; };
		DD09E8CE2B283EFC00235491 /* Font.swift */ = {isa = PBXFileReference; fileEncoding = 4; lastKnownFileType = sourcecode.swift; path = Font.swift; sourceTree = "<group>"; };
		DD09E8CF2B283EFC00235491 /* Views.swift */ = {isa = PBXFileReference; fileEncoding = 4; lastKnownFileType = sourcecode.swift; path = Views.swift; sourceTree = "<group>"; };
		DD09E8D82B283FC500235491 /* Info.plist */ = {isa = PBXFileReference; lastKnownFileType = text.plist; path = Info.plist; sourceTree = "<group>"; };
		DD09E8D92B28472F00235491 /* RegistrationView.swift */ = {isa = PBXFileReference; lastKnownFileType = sourcecode.swift; path = RegistrationView.swift; sourceTree = "<group>"; };
		DDAE12A82B35858E00E03530 /* Launch Screen.storyboard */ = {isa = PBXFileReference; fileEncoding = 4; lastKnownFileType = file.storyboard; path = "Launch Screen.storyboard"; sourceTree = "<group>"; };
		DDB148AF2B3023A600080396 /* Shimmer.swift */ = {isa = PBXFileReference; fileEncoding = 4; lastKnownFileType = sourcecode.swift; path = Shimmer.swift; sourceTree = "<group>"; };
		DDBBF5872B2A9115002F0C94 /* ContentViewModel.swift */ = {isa = PBXFileReference; lastKnownFileType = sourcecode.swift; path = ContentViewModel.swift; sourceTree = "<group>"; };
		DDC6DAB12B2BED9C007828ED /* NewMessageViewModel.swift */ = {isa = PBXFileReference; lastKnownFileType = sourcecode.swift; path = NewMessageViewModel.swift; sourceTree = "<group>"; };
		DDC6DAB32B2BF78B007828ED /* Message.swift */ = {isa = PBXFileReference; lastKnownFileType = sourcecode.swift; path = Message.swift; sourceTree = "<group>"; };
		DDC6DAB52B2BF953007828ED /* MessageService.swift */ = {isa = PBXFileReference; lastKnownFileType = sourcecode.swift; path = MessageService.swift; sourceTree = "<group>"; };
		DDC6DAB92B2C00B4007828ED /* ChatViewModel.swift */ = {isa = PBXFileReference; lastKnownFileType = sourcecode.swift; path = ChatViewModel.swift; sourceTree = "<group>"; };
		DDC6DABC2B2C3F6B007828ED /* ChatService.swift */ = {isa = PBXFileReference; lastKnownFileType = sourcecode.swift; path = ChatService.swift; sourceTree = "<group>"; };
		DDC6DABE2B2C40A6007828ED /* Constant.swift */ = {isa = PBXFileReference; lastKnownFileType = sourcecode.swift; path = Constant.swift; sourceTree = "<group>"; };
		DDC6DAC12B2C4470007828ED /* InboxService.swift */ = {isa = PBXFileReference; lastKnownFileType = sourcecode.swift; path = InboxService.swift; sourceTree = "<group>"; };
		DDC728262B293CA800B068E6 /* InboxView.swift */ = {isa = PBXFileReference; lastKnownFileType = sourcecode.swift; path = InboxView.swift; sourceTree = "<group>"; };
		DDC728292B293EF200B068E6 /* ActiveNowView.swift */ = {isa = PBXFileReference; lastKnownFileType = sourcecode.swift; path = ActiveNowView.swift; sourceTree = "<group>"; };
		DDC7282B2B29425200B068E6 /* InboxRowView.swift */ = {isa = PBXFileReference; lastKnownFileType = sourcecode.swift; path = InboxRowView.swift; sourceTree = "<group>"; };
		DDC7282E2B2947F400B068E6 /* NewMessageView.swift */ = {isa = PBXFileReference; lastKnownFileType = sourcecode.swift; path = NewMessageView.swift; sourceTree = "<group>"; };
		DDC728332B29514900B068E6 /* ProfileView.swift */ = {isa = PBXFileReference; lastKnownFileType = sourcecode.swift; path = ProfileView.swift; sourceTree = "<group>"; };
		DDC728352B29538300B068E6 /* SettingOptionsViewModel.swift */ = {isa = PBXFileReference; lastKnownFileType = sourcecode.swift; path = SettingOptionsViewModel.swift; sourceTree = "<group>"; };
		DDC728372B29599C00B068E6 /* ProfileViewModel.swift */ = {isa = PBXFileReference; lastKnownFileType = sourcecode.swift; path = ProfileViewModel.swift; sourceTree = "<group>"; };
		DDC728392B295DC400B068E6 /* User.swift */ = {isa = PBXFileReference; lastKnownFileType = sourcecode.swift; path = User.swift; sourceTree = "<group>"; };
		DDC7283C2B2963E600B068E6 /* CircularProfileImageView.swift */ = {isa = PBXFileReference; lastKnownFileType = sourcecode.swift; path = CircularProfileImageView.swift; sourceTree = "<group>"; };
		DDC7283F2B298C9200B068E6 /* ChatView.swift */ = {isa = PBXFileReference; lastKnownFileType = sourcecode.swift; path = ChatView.swift; sourceTree = "<group>"; };
		DDC728412B29906100B068E6 /* ChatMessageCell.swift */ = {isa = PBXFileReference; lastKnownFileType = sourcecode.swift; path = ChatMessageCell.swift; sourceTree = "<group>"; };
		DDC728582B29A55300B068E6 /* GoogleService-Info.plist */ = {isa = PBXFileReference; fileEncoding = 4; lastKnownFileType = text.plist.xml; path = "GoogleService-Info.plist"; sourceTree = "<group>"; };
		DDC728932B29A94B00B068E6 /* LoginViewModel.swift */ = {isa = PBXFileReference; lastKnownFileType = sourcecode.swift; path = LoginViewModel.swift; sourceTree = "<group>"; };
		DDC728952B29A98C00B068E6 /* RegistrationViewModel.swift */ = {isa = PBXFileReference; lastKnownFileType = sourcecode.swift; path = RegistrationViewModel.swift; sourceTree = "<group>"; };
		DDC728972B29A9B700B068E6 /* AuthService.swift */ = {isa = PBXFileReference; lastKnownFileType = sourcecode.swift; path = AuthService.swift; sourceTree = "<group>"; };
		DDD1E2322B28141A0047F456 /* Messenger-SwiftUI.app */ = {isa = PBXFileReference; explicitFileType = wrapper.application; includeInIndex = 0; path = "Messenger-SwiftUI.app"; sourceTree = BUILT_PRODUCTS_DIR; };
		DDD1E2352B28141A0047F456 /* Messenger_SwiftUIApp.swift */ = {isa = PBXFileReference; lastKnownFileType = sourcecode.swift; path = Messenger_SwiftUIApp.swift; sourceTree = "<group>"; };
		DDD1E2372B28141A0047F456 /* ContentView.swift */ = {isa = PBXFileReference; lastKnownFileType = sourcecode.swift; path = ContentView.swift; sourceTree = "<group>"; };
		DDD1E23B2B28141B0047F456 /* Assets.xcassets */ = {isa = PBXFileReference; lastKnownFileType = folder.assetcatalog; path = Assets.xcassets; sourceTree = "<group>"; };
		DDD1E23E2B28141B0047F456 /* Preview Assets.xcassets */ = {isa = PBXFileReference; lastKnownFileType = folder.assetcatalog; path = "Preview Assets.xcassets"; sourceTree = "<group>"; };
		DDD1E24E2B2815370047F456 /* LoginView.swift */ = {isa = PBXFileReference; lastKnownFileType = sourcecode.swift; path = LoginView.swift; sourceTree = "<group>"; };
		DDE0F4692B2ADC6B0089F94C /* UserService.swift */ = {isa = PBXFileReference; lastKnownFileType = sourcecode.swift; path = UserService.swift; sourceTree = "<group>"; };
		DDE0F46B2B2AEC520089F94C /* LoadingView.swift */ = {isa = PBXFileReference; lastKnownFileType = sourcecode.swift; path = LoadingView.swift; sourceTree = "<group>"; };
		DDE0F46D2B2AEE980089F94C /* LocalNotification.swift */ = {isa = PBXFileReference; lastKnownFileType = sourcecode.swift; path = LocalNotification.swift; sourceTree = "<group>"; };
		DDE0F46F2B2AEEDD0089F94C /* NotificationView.swift */ = {isa = PBXFileReference; lastKnownFileType = sourcecode.swift; path = NotificationView.swift; sourceTree = "<group>"; };
		DDE0F4712B2AEFD20089F94C /* RootView.swift */ = {isa = PBXFileReference; lastKnownFileType = sourcecode.swift; path = RootView.swift; sourceTree = "<group>"; };
		DDE0F4752B2AF9E50089F94C /* InboxViewModel.swift */ = {isa = PBXFileReference; lastKnownFileType = sourcecode.swift; path = InboxViewModel.swift; sourceTree = "<group>"; };
		DDFBC9042B2D34BB00A050E9 /* Date.swift */ = {isa = PBXFileReference; lastKnownFileType = sourcecode.swift; path = Date.swift; sourceTree = "<group>"; };
		DDFBC9082B2D389A00A050E9 /* ActiveNowViewModel.swift */ = {isa = PBXFileReference; lastKnownFileType = sourcecode.swift; path = ActiveNowViewModel.swift; sourceTree = "<group>"; };
		DDFBC90B2B2D3B5900A050E9 /* Route.swift */ = {isa = PBXFileReference; lastKnownFileType = sourcecode.swift; path = Route.swift; sourceTree = "<group>"; };
		DDFBC90D2B2D4B9300A050E9 /* ChangeDarkLightView.swift */ = {isa = PBXFileReference; lastKnownFileType = sourcecode.swift; path = ChangeDarkLightView.swift; sourceTree = "<group>"; };
/* End PBXFileReference section */

/* Begin PBXFrameworksBuildPhase section */
		DDD1E22F2B28141A0047F456 /* Frameworks */ = {
			isa = PBXFrameworksBuildPhase;
			buildActionMask = 2147483647;
			files = (
				DDC7286E2B29A60400B068E6 /* FirebaseDatabase in Frameworks */,
				DDC7287C2B29A60400B068E6 /* FirebaseFunctionsCombine-Community in Frameworks */,
				DDC728742B29A60400B068E6 /* FirebaseFirestore in Frameworks */,
				DDC728602B29A60400B068E6 /* FirebaseAnalyticsSwift in Frameworks */,
				DDC7285C2B29A60400B068E6 /* FirebaseAnalytics in Frameworks */,
				DDC7285E2B29A60400B068E6 /* FirebaseAnalyticsOnDeviceConversion in Frameworks */,
				DDC728842B29A60400B068E6 /* FirebaseMLModelDownloader in Frameworks */,
				DDC728782B29A60400B068E6 /* FirebaseFirestoreSwift in Frameworks */,
				DDC728642B29A60400B068E6 /* FirebaseAppCheck in Frameworks */,
				DDC728622B29A60400B068E6 /* FirebaseAnalyticsWithoutAdIdSupport in Frameworks */,
				DDC728682B29A60400B068E6 /* FirebaseAuth in Frameworks */,
				DDC7286C2B29A60400B068E6 /* FirebaseCrashlytics in Frameworks */,
				DDC7288C2B29A60400B068E6 /* FirebaseRemoteConfigSwift in Frameworks */,
				DDC7287E2B29A60400B068E6 /* FirebaseInAppMessaging-Beta in Frameworks */,
				DDC728702B29A60400B068E6 /* FirebaseDatabaseSwift in Frameworks */,
				DDC7287A2B29A60400B068E6 /* FirebaseFunctions in Frameworks */,
				DDC35EEC2B32C7F200A20DDE /* Kingfisher in Frameworks */,
				DDC728902B29A60400B068E6 /* FirebaseStorageCombine-Community in Frameworks */,
				DDC7288A2B29A60400B068E6 /* FirebaseRemoteConfig in Frameworks */,
				DDC728662B29A60400B068E6 /* FirebaseAppDistribution-Beta in Frameworks */,
				DDC7286A2B29A60400B068E6 /* FirebaseAuthCombine-Community in Frameworks */,
				DDC728882B29A60400B068E6 /* FirebasePerformance in Frameworks */,
				DDC728802B29A60400B068E6 /* FirebaseInAppMessagingSwift-Beta in Frameworks */,
				DDC7288E2B29A60400B068E6 /* FirebaseStorage in Frameworks */,
				DDC728722B29A60400B068E6 /* FirebaseDynamicLinks in Frameworks */,
				DDC728762B29A60400B068E6 /* FirebaseFirestoreCombine-Community in Frameworks */,
				DDC728862B29A60400B068E6 /* FirebaseMessaging in Frameworks */,
				DDC728822B29A60400B068E6 /* FirebaseInstallations in Frameworks */,
			);
			runOnlyForDeploymentPostprocessing = 0;
		};
/* End PBXFrameworksBuildPhase section */

/* Begin PBXGroup section */
		DD09E8C02B28396400235491 /* Utilities */ = {
			isa = PBXGroup;
			children = (
				DD09E8C12B28396400235491 /* Appcontroller.swift */,
				DD09E8C22B28396400235491 /* Coordinator.swift */,
				DDE0F46D2B2AEE980089F94C /* LocalNotification.swift */,
				DDC6DABE2B2C40A6007828ED /* Constant.swift */,
			);
			path = Utilities;
			sourceTree = "<group>";
		};
		DD09E8C82B283EFC00235491 /* Font */ = {
			isa = PBXGroup;
			children = (
				DD09E8C92B283EFC00235491 /* Inter-Medium.ttf */,
				DD09E8CA2B283EFC00235491 /* Inter-Light.ttf */,
				DD09E8CB2B283EFC00235491 /* Inter-Bold.ttf */,
				DD09E8CC2B283EFC00235491 /* Inter-Regular.ttf */,
				DD09E8CD2B283EFC00235491 /* Inter-SemiBold.ttf */,
			);
			path = Font;
			sourceTree = "<group>";
		};
		DDBBF5852B2A90F5002F0C94 /* View */ = {
			isa = PBXGroup;
			children = (
				DDD1E2372B28141A0047F456 /* ContentView.swift */,
			);
			path = View;
			sourceTree = "<group>";
		};
		DDBBF5862B2A90F9002F0C94 /* ViewModel */ = {
			isa = PBXGroup;
			children = (
				DDBBF5872B2A9115002F0C94 /* ContentViewModel.swift */,
			);
			path = ViewModel;
			sourceTree = "<group>";
		};
		DDC6DAAF2B2BED7D007828ED /* ViewModel */ = {
			isa = PBXGroup;
			children = (
				DDC6DAB12B2BED9C007828ED /* NewMessageViewModel.swift */,
			);
			path = ViewModel;
			sourceTree = "<group>";
		};
		DDC6DAB02B2BED7F007828ED /* Views */ = {
			isa = PBXGroup;
			children = (
				DDC7282E2B2947F400B068E6 /* NewMessageView.swift */,
			);
			path = Views;
			sourceTree = "<group>";
		};
		DDC6DAB72B2C0090007828ED /* Views */ = {
			isa = PBXGroup;
			children = (
				DDC7283F2B298C9200B068E6 /* ChatView.swift */,
				DDC728412B29906100B068E6 /* ChatMessageCell.swift */,
			);
			path = Views;
			sourceTree = "<group>";
		};
		DDC6DAB82B2C0094007828ED /* ViewModel */ = {
			isa = PBXGroup;
			children = (
				DDC6DAB92B2C00B4007828ED /* ChatViewModel.swift */,
			);
			path = ViewModel;
			sourceTree = "<group>";
		};
		DDC6DABB2B2C3F5C007828ED /* Service */ = {
			isa = PBXGroup;
			children = (
				DDC6DABC2B2C3F6B007828ED /* ChatService.swift */,
			);
			path = Service;
			sourceTree = "<group>";
		};
		DDC6DAC02B2C445C007828ED /* Service */ = {
			isa = PBXGroup;
			children = (
				DDC6DAC12B2C4470007828ED /* InboxService.swift */,
			);
			path = Service;
			sourceTree = "<group>";
		};
		DDC728252B293C8800B068E6 /* Inbox */ = {
			isa = PBXGroup;
			children = (
				DDC6DAC02B2C445C007828ED /* Service */,
				DDE0F4732B2AF9B80089F94C /* Views */,
				DDE0F4742B2AF9BD0089F94C /* ViewModel */,
			);
			path = Inbox;
			sourceTree = "<group>";
		};
		DDC728282B293ED600B068E6 /* ActiveNow */ = {
			isa = PBXGroup;
			children = (
				DDFBC9072B2D388300A050E9 /* Views */,
				DDFBC9062B2D387800A050E9 /* ViewModel */,
			);
			path = ActiveNow;
			sourceTree = "<group>";
		};
		DDC7282D2B2947DA00B068E6 /* NewMessage */ = {
			isa = PBXGroup;
			children = (
				DDC6DAB02B2BED7F007828ED /* Views */,
				DDC6DAAF2B2BED7D007828ED /* ViewModel */,
			);
			path = NewMessage;
			sourceTree = "<group>";
		};
		DDC728302B29511100B068E6 /* Profile */ = {
			isa = PBXGroup;
			children = (
				DDC728312B29512C00B068E6 /* View */,
				DDC728322B29513100B068E6 /* ViewModel */,
			);
			path = Profile;
			sourceTree = "<group>";
		};
		DDC728312B29512C00B068E6 /* View */ = {
			isa = PBXGroup;
			children = (
				DDC728332B29514900B068E6 /* ProfileView.swift */,
				DDFBC90D2B2D4B9300A050E9 /* ChangeDarkLightView.swift */,
			);
			path = View;
			sourceTree = "<group>";
		};
		DDC728322B29513100B068E6 /* ViewModel */ = {
			isa = PBXGroup;
			children = (
				DDC728352B29538300B068E6 /* SettingOptionsViewModel.swift */,
				DDC728372B29599C00B068E6 /* ProfileViewModel.swift */,
			);
			path = ViewModel;
			sourceTree = "<group>";
		};
		DDC7283B2B2963B400B068E6 /* Components */ = {
			isa = PBXGroup;
			children = (
				DDB148AF2B3023A600080396 /* Shimmer.swift */,
				DDC7283C2B2963E600B068E6 /* CircularProfileImageView.swift */,
				DDE0F46B2B2AEC520089F94C /* LoadingView.swift */,
				DDE0F46F2B2AEEDD0089F94C /* NotificationView.swift */,
			);
			path = Components;
			sourceTree = "<group>";
		};
		DDC7283E2B298C8200B068E6 /* Chat */ = {
			isa = PBXGroup;
			children = (
				DDC6DABB2B2C3F5C007828ED /* Service */,
				DDC6DAB72B2C0090007828ED /* Views */,
				DDC6DAB82B2C0094007828ED /* ViewModel */,
			);
			path = Chat;
			sourceTree = "<group>";
		};
		DDC728912B29A92300B068E6 /* ViewModel */ = {
			isa = PBXGroup;
			children = (
				DDC728932B29A94B00B068E6 /* LoginViewModel.swift */,
				DDC728952B29A98C00B068E6 /* RegistrationViewModel.swift */,
			);
			path = ViewModel;
			sourceTree = "<group>";
		};
		DDC728922B29A93D00B068E6 /* Service */ = {
			isa = PBXGroup;
			children = (
				DDC728972B29A9B700B068E6 /* AuthService.swift */,
			);
			path = Service;
			sourceTree = "<group>";
		};
		DDD1E2292B28141A0047F456 = {
			isa = PBXGroup;
			children = (
				DDD1E2342B28141A0047F456 /* Messenger-SwiftUI */,
				DDD1E2332B28141A0047F456 /* Products */,
			);
			sourceTree = "<group>";
		};
		DDD1E2332B28141A0047F456 /* Products */ = {
			isa = PBXGroup;
			children = (
				DDD1E2322B28141A0047F456 /* Messenger-SwiftUI.app */,
			);
			name = Products;
			sourceTree = "<group>";
		};
		DDD1E2342B28141A0047F456 /* Messenger-SwiftUI */ = {
			isa = PBXGroup;
			children = (
				DD09E8D82B283FC500235491 /* Info.plist */,
				DDD1E2452B2814980047F456 /* App */,
				DDD1E2462B28149A0047F456 /* Extensions */,
				DDD1E2472B28149C0047F456 /* Core */,
				DDD1E2482B28149E0047F456 /* Model */,
				DDFBC90A2B2D3B3D00A050E9 /* Routing */,
				DDD1E2492B2814A00047F456 /* Service */,
				DD09E8C02B28396400235491 /* Utilities */,
				DDC728582B29A55300B068E6 /* GoogleService-Info.plist */,
				DDAE12A82B35858E00E03530 /* Launch Screen.storyboard */,
				DDD1E23B2B28141B0047F456 /* Assets.xcassets */,
				DDD1E23D2B28141B0047F456 /* Preview Content */,
			);
			path = "Messenger-SwiftUI";
			sourceTree = "<group>";
		};
		DDD1E23D2B28141B0047F456 /* Preview Content */ = {
			isa = PBXGroup;
			children = (
				DDD1E23E2B28141B0047F456 /* Preview Assets.xcassets */,
			);
			path = "Preview Content";
			sourceTree = "<group>";
		};
		DDD1E2452B2814980047F456 /* App */ = {
			isa = PBXGroup;
			children = (
				DDD1E2352B28141A0047F456 /* Messenger_SwiftUIApp.swift */,
			);
			path = App;
			sourceTree = "<group>";
		};
		DDD1E2462B28149A0047F456 /* Extensions */ = {
			isa = PBXGroup;
			children = (
				DD09E8C82B283EFC00235491 /* Font */,
				DD09E8C72B283EFB00235491 /* Color.swift */,
				DD09E8CE2B283EFC00235491 /* Font.swift */,
				DD09E8CF2B283EFC00235491 /* Views.swift */,
				DDFBC9042B2D34BB00A050E9 /* Date.swift */,
			);
			path = Extensions;
			sourceTree = "<group>";
		};
		DDD1E2472B28149C0047F456 /* Core */ = {
			isa = PBXGroup;
			children = (
				DDC728282B293ED600B068E6 /* ActiveNow */,
				DDD1E24B2B2814FD0047F456 /* Authentication */,
				DDC7283E2B298C8200B068E6 /* Chat */,
				DDC7283B2B2963B400B068E6 /* Components */,
				DDC728252B293C8800B068E6 /* Inbox */,
				DDC7282D2B2947DA00B068E6 /* NewMessage */,
				DDC728302B29511100B068E6 /* Profile */,
				DDD1E24C2B2815090047F456 /* Root */,
			);
			path = Core;
			sourceTree = "<group>";
		};
		DDD1E2482B28149E0047F456 /* Model */ = {
			isa = PBXGroup;
			children = (
				DDC728392B295DC400B068E6 /* User.swift */,
				DDC6DAB32B2BF78B007828ED /* Message.swift */,
			);
			path = Model;
			sourceTree = "<group>";
		};
		DDD1E2492B2814A00047F456 /* Service */ = {
			isa = PBXGroup;
			children = (
				DDE0F4692B2ADC6B0089F94C /* UserService.swift */,
				DDC6DAB52B2BF953007828ED /* MessageService.swift */,
			);
			path = Service;
			sourceTree = "<group>";
		};
		DDD1E24B2B2814FD0047F456 /* Authentication */ = {
			isa = PBXGroup;
			children = (
				DDC728922B29A93D00B068E6 /* Service */,
				DDC728912B29A92300B068E6 /* ViewModel */,
				DDD1E24D2B28152E0047F456 /* View */,
			);
			path = Authentication;
			sourceTree = "<group>";
		};
		DDD1E24C2B2815090047F456 /* Root */ = {
			isa = PBXGroup;
			children = (
				DDBBF5862B2A90F9002F0C94 /* ViewModel */,
				DDBBF5852B2A90F5002F0C94 /* View */,
				DDE0F4712B2AEFD20089F94C /* RootView.swift */,
			);
			path = Root;
			sourceTree = "<group>";
		};
		DDD1E24D2B28152E0047F456 /* View */ = {
			isa = PBXGroup;
			children = (
				DDD1E24E2B2815370047F456 /* LoginView.swift */,
				DD09E8D92B28472F00235491 /* RegistrationView.swift */,
			);
			path = View;
			sourceTree = "<group>";
		};
		DDE0F4732B2AF9B80089F94C /* Views */ = {
			isa = PBXGroup;
			children = (
				DDC728262B293CA800B068E6 /* InboxView.swift */,
				DDC7282B2B29425200B068E6 /* InboxRowView.swift */,
			);
			path = Views;
			sourceTree = "<group>";
		};
		DDE0F4742B2AF9BD0089F94C /* ViewModel */ = {
			isa = PBXGroup;
			children = (
				DDE0F4752B2AF9E50089F94C /* InboxViewModel.swift */,
			);
			path = ViewModel;
			sourceTree = "<group>";
		};
		DDFBC9062B2D387800A050E9 /* ViewModel */ = {
			isa = PBXGroup;
			children = (
				DDFBC9082B2D389A00A050E9 /* ActiveNowViewModel.swift */,
			);
			path = ViewModel;
			sourceTree = "<group>";
		};
		DDFBC9072B2D388300A050E9 /* Views */ = {
			isa = PBXGroup;
			children = (
				DDC728292B293EF200B068E6 /* ActiveNowView.swift */,
			);
			path = Views;
			sourceTree = "<group>";
		};
		DDFBC90A2B2D3B3D00A050E9 /* Routing */ = {
			isa = PBXGroup;
			children = (
				DDFBC90B2B2D3B5900A050E9 /* Route.swift */,
			);
			path = Routing;
			sourceTree = "<group>";
		};
/* End PBXGroup section */

/* Begin PBXNativeTarget section */
		DDD1E2312B28141A0047F456 /* Messenger-SwiftUI */ = {
			isa = PBXNativeTarget;
			buildConfigurationList = DDD1E2422B28141B0047F456 /* Build configuration list for PBXNativeTarget "Messenger-SwiftUI" */;
			buildPhases = (
				DDD1E22E2B28141A0047F456 /* Sources */,
				DDD1E22F2B28141A0047F456 /* Frameworks */,
				DDD1E2302B28141A0047F456 /* Resources */,
			);
			buildRules = (
			);
			dependencies = (
			);
			name = "Messenger-SwiftUI";
			packageProductDependencies = (
				DDC7285B2B29A60400B068E6 /* FirebaseAnalytics */,
				DDC7285D2B29A60400B068E6 /* FirebaseAnalyticsOnDeviceConversion */,
				DDC7285F2B29A60400B068E6 /* FirebaseAnalyticsSwift */,
				DDC728612B29A60400B068E6 /* FirebaseAnalyticsWithoutAdIdSupport */,
				DDC728632B29A60400B068E6 /* FirebaseAppCheck */,
				DDC728652B29A60400B068E6 /* FirebaseAppDistribution-Beta */,
				DDC728672B29A60400B068E6 /* FirebaseAuth */,
				DDC728692B29A60400B068E6 /* FirebaseAuthCombine-Community */,
				DDC7286B2B29A60400B068E6 /* FirebaseCrashlytics */,
				DDC7286D2B29A60400B068E6 /* FirebaseDatabase */,
				DDC7286F2B29A60400B068E6 /* FirebaseDatabaseSwift */,
				DDC728712B29A60400B068E6 /* FirebaseDynamicLinks */,
				DDC728732B29A60400B068E6 /* FirebaseFirestore */,
				DDC728752B29A60400B068E6 /* FirebaseFirestoreCombine-Community */,
				DDC728772B29A60400B068E6 /* FirebaseFirestoreSwift */,
				DDC728792B29A60400B068E6 /* FirebaseFunctions */,
				DDC7287B2B29A60400B068E6 /* FirebaseFunctionsCombine-Community */,
				DDC7287D2B29A60400B068E6 /* FirebaseInAppMessaging-Beta */,
				DDC7287F2B29A60400B068E6 /* FirebaseInAppMessagingSwift-Beta */,
				DDC728812B29A60400B068E6 /* FirebaseInstallations */,
				DDC728832B29A60400B068E6 /* FirebaseMLModelDownloader */,
				DDC728852B29A60400B068E6 /* FirebaseMessaging */,
				DDC728872B29A60400B068E6 /* FirebasePerformance */,
				DDC728892B29A60400B068E6 /* FirebaseRemoteConfig */,
				DDC7288B2B29A60400B068E6 /* FirebaseRemoteConfigSwift */,
				DDC7288D2B29A60400B068E6 /* FirebaseStorage */,
				DDC7288F2B29A60400B068E6 /* FirebaseStorageCombine-Community */,
				DDC35EEB2B32C7F200A20DDE /* Kingfisher */,
			);
			productName = "Messenger-SwiftUI";
			productReference = DDD1E2322B28141A0047F456 /* Messenger-SwiftUI.app */;
			productType = "com.apple.product-type.application";
		};
/* End PBXNativeTarget section */

/* Begin PBXProject section */
		DDD1E22A2B28141A0047F456 /* Project object */ = {
			isa = PBXProject;
			attributes = {
				BuildIndependentTargetsInParallel = 1;
				LastSwiftUpdateCheck = 1500;
				LastUpgradeCheck = 1500;
				TargetAttributes = {
					DDD1E2312B28141A0047F456 = {
						CreatedOnToolsVersion = 15.0.1;
					};
				};
			};
			buildConfigurationList = DDD1E22D2B28141A0047F456 /* Build configuration list for PBXProject "Messenger-SwiftUI" */;
			compatibilityVersion = "Xcode 14.0";
			developmentRegion = en;
			hasScannedForEncodings = 0;
			knownRegions = (
				en,
				Base,
			);
			mainGroup = DDD1E2292B28141A0047F456;
			packageReferences = (
				DDC7285A2B29A60400B068E6 /* XCRemoteSwiftPackageReference "firebase-ios-sdk" */,
				DDC35EEA2B32C7F200A20DDE /* XCRemoteSwiftPackageReference "Kingfisher" */,
			);
			productRefGroup = DDD1E2332B28141A0047F456 /* Products */;
			projectDirPath = "";
			projectRoot = "";
			targets = (
				DDD1E2312B28141A0047F456 /* Messenger-SwiftUI */,
			);
		};
/* End PBXProject section */

/* Begin PBXResourcesBuildPhase section */
		DDD1E2302B28141A0047F456 /* Resources */ = {
			isa = PBXResourcesBuildPhase;
			buildActionMask = 2147483647;
			files = (
				DDD1E23F2B28141B0047F456 /* Preview Assets.xcassets in Resources */,
				DD09E8D32B283EFC00235491 /* Inter-Bold.ttf in Resources */,
				DDD1E23C2B28141B0047F456 /* Assets.xcassets in Resources */,
				DDAE12A92B35858F00E03530 /* Launch Screen.storyboard in Resources */,
				DD09E8D22B283EFC00235491 /* Inter-Light.ttf in Resources */,
				DD09E8D42B283EFC00235491 /* Inter-Regular.ttf in Resources */,
				DD09E8D12B283EFC00235491 /* Inter-Medium.ttf in Resources */,
				DD09E8D52B283EFC00235491 /* Inter-SemiBold.ttf in Resources */,
				DDC728592B29A55300B068E6 /* GoogleService-Info.plist in Resources */,
			);
			runOnlyForDeploymentPostprocessing = 0;
		};
/* End PBXResourcesBuildPhase section */

/* Begin PBXSourcesBuildPhase section */
		DDD1E22E2B28141A0047F456 /* Sources */ = {
			isa = PBXSourcesBuildPhase;
			buildActionMask = 2147483647;
			files = (
				DDC728402B298C9200B068E6 /* ChatView.swift in Sources */,
				DDE0F46A2B2ADC6B0089F94C /* UserService.swift in Sources */,
				DDC728982B29A9B700B068E6 /* AuthService.swift in Sources */,
				DDC728962B29A98C00B068E6 /* RegistrationViewModel.swift in Sources */,
				DDC728422B29906100B068E6 /* ChatMessageCell.swift in Sources */,
				DDD1E24F2B2815370047F456 /* LoginView.swift in Sources */,
				DDC6DABA2B2C00B4007828ED /* ChatViewModel.swift in Sources */,
				DDE0F4722B2AEFD20089F94C /* RootView.swift in Sources */,
				DDC7283D2B2963E600B068E6 /* CircularProfileImageView.swift in Sources */,
				DDC728362B29538300B068E6 /* SettingOptionsViewModel.swift in Sources */,
				DDD1E2382B28141A0047F456 /* ContentView.swift in Sources */,
				DDC6DABF2B2C40A6007828ED /* Constant.swift in Sources */,
				DDBBF5882B2A9115002F0C94 /* ContentViewModel.swift in Sources */,
				DDFBC90C2B2D3B5900A050E9 /* Route.swift in Sources */,
				DD09E8D62B283EFC00235491 /* Font.swift in Sources */,
				DDE0F46C2B2AEC520089F94C /* LoadingView.swift in Sources */,
				DDC6DAB42B2BF78B007828ED /* Message.swift in Sources */,
				DDC6DAB22B2BED9C007828ED /* NewMessageViewModel.swift in Sources */,
				DD09E8DA2B28472F00235491 /* RegistrationView.swift in Sources */,
				DDC7282C2B29425200B068E6 /* InboxRowView.swift in Sources */,
				DD09E8C42B28396400235491 /* Coordinator.swift in Sources */,
				DDFBC90E2B2D4B9300A050E9 /* ChangeDarkLightView.swift in Sources */,
				DDC7283A2B295DC400B068E6 /* User.swift in Sources */,
				DDC7282F2B2947F400B068E6 /* NewMessageView.swift in Sources */,
				DD09E8D72B283EFC00235491 /* Views.swift in Sources */,
				DDD1E2362B28141A0047F456 /* Messenger_SwiftUIApp.swift in Sources */,
				DDC6DABD2B2C3F6B007828ED /* ChatService.swift in Sources */,
				DDC728272B293CA800B068E6 /* InboxView.swift in Sources */,
				DD09E8C32B28396400235491 /* Appcontroller.swift in Sources */,
				DDC7282A2B293EF200B068E6 /* ActiveNowView.swift in Sources */,
				DDC728342B29514900B068E6 /* ProfileView.swift in Sources */,
				DDB148B02B3023A600080396 /* Shimmer.swift in Sources */,
				DDE0F4702B2AEEDD0089F94C /* NotificationView.swift in Sources */,
				DDFBC9092B2D389A00A050E9 /* ActiveNowViewModel.swift in Sources */,
				DDE0F46E2B2AEE980089F94C /* LocalNotification.swift in Sources */,
				DDC6DAC22B2C4470007828ED /* InboxService.swift in Sources */,
				DDC6DAB62B2BF953007828ED /* MessageService.swift in Sources */,
				DDC728382B29599C00B068E6 /* ProfileViewModel.swift in Sources */,
				DDE0F4762B2AF9E50089F94C /* InboxViewModel.swift in Sources */,
				DDFBC9052B2D34BB00A050E9 /* Date.swift in Sources */,
				DD09E8D02B283EFC00235491 /* Color.swift in Sources */,
				DDC728942B29A94B00B068E6 /* LoginViewModel.swift in Sources */,
			);
			runOnlyForDeploymentPostprocessing = 0;
		};
/* End PBXSourcesBuildPhase section */

/* Begin XCBuildConfiguration section */
		DDD1E2402B28141B0047F456 /* Debug */ = {
			isa = XCBuildConfiguration;
			buildSettings = {
				ALWAYS_SEARCH_USER_PATHS = NO;
				ASSETCATALOG_COMPILER_GENERATE_SWIFT_ASSET_SYMBOL_EXTENSIONS = YES;
				CLANG_ANALYZER_NONNULL = YES;
				CLANG_ANALYZER_NUMBER_OBJECT_CONVERSION = YES_AGGRESSIVE;
				CLANG_CXX_LANGUAGE_STANDARD = "gnu++20";
				CLANG_ENABLE_MODULES = YES;
				CLANG_ENABLE_OBJC_ARC = YES;
				CLANG_ENABLE_OBJC_WEAK = YES;
				CLANG_WARN_BLOCK_CAPTURE_AUTORELEASING = YES;
				CLANG_WARN_BOOL_CONVERSION = YES;
				CLANG_WARN_COMMA = YES;
				CLANG_WARN_CONSTANT_CONVERSION = YES;
				CLANG_WARN_DEPRECATED_OBJC_IMPLEMENTATIONS = YES;
				CLANG_WARN_DIRECT_OBJC_ISA_USAGE = YES_ERROR;
				CLANG_WARN_DOCUMENTATION_COMMENTS = YES;
				CLANG_WARN_EMPTY_BODY = YES;
				CLANG_WARN_ENUM_CONVERSION = YES;
				CLANG_WARN_INFINITE_RECURSION = YES;
				CLANG_WARN_INT_CONVERSION = YES;
				CLANG_WARN_NON_LITERAL_NULL_CONVERSION = YES;
				CLANG_WARN_OBJC_IMPLICIT_RETAIN_SELF = YES;
				CLANG_WARN_OBJC_LITERAL_CONVERSION = YES;
				CLANG_WARN_OBJC_ROOT_CLASS = YES_ERROR;
				CLANG_WARN_QUOTED_INCLUDE_IN_FRAMEWORK_HEADER = YES;
				CLANG_WARN_RANGE_LOOP_ANALYSIS = YES;
				CLANG_WARN_STRICT_PROTOTYPES = YES;
				CLANG_WARN_SUSPICIOUS_MOVE = YES;
				CLANG_WARN_UNGUARDED_AVAILABILITY = YES_AGGRESSIVE;
				CLANG_WARN_UNREACHABLE_CODE = YES;
				CLANG_WARN__DUPLICATE_METHOD_MATCH = YES;
				COPY_PHASE_STRIP = NO;
				DEBUG_INFORMATION_FORMAT = dwarf;
				ENABLE_STRICT_OBJC_MSGSEND = YES;
				ENABLE_TESTABILITY = YES;
				ENABLE_USER_SCRIPT_SANDBOXING = YES;
				GCC_C_LANGUAGE_STANDARD = gnu17;
				GCC_DYNAMIC_NO_PIC = NO;
				GCC_NO_COMMON_BLOCKS = YES;
				GCC_OPTIMIZATION_LEVEL = 0;
				GCC_PREPROCESSOR_DEFINITIONS = (
					"DEBUG=1",
					"$(inherited)",
				);
				GCC_WARN_64_TO_32_BIT_CONVERSION = YES;
				GCC_WARN_ABOUT_RETURN_TYPE = YES_ERROR;
				GCC_WARN_UNDECLARED_SELECTOR = YES;
				GCC_WARN_UNINITIALIZED_AUTOS = YES_AGGRESSIVE;
				GCC_WARN_UNUSED_FUNCTION = YES;
				GCC_WARN_UNUSED_VARIABLE = YES;
				IPHONEOS_DEPLOYMENT_TARGET = 17.0;
				LOCALIZATION_PREFERS_STRING_CATALOGS = YES;
				MTL_ENABLE_DEBUG_INFO = INCLUDE_SOURCE;
				MTL_FAST_MATH = YES;
				ONLY_ACTIVE_ARCH = YES;
				SDKROOT = iphoneos;
				SWIFT_ACTIVE_COMPILATION_CONDITIONS = "DEBUG $(inherited)";
				SWIFT_OPTIMIZATION_LEVEL = "-Onone";
			};
			name = Debug;
		};
		DDD1E2412B28141B0047F456 /* Release */ = {
			isa = XCBuildConfiguration;
			buildSettings = {
				ALWAYS_SEARCH_USER_PATHS = NO;
				ASSETCATALOG_COMPILER_GENERATE_SWIFT_ASSET_SYMBOL_EXTENSIONS = YES;
				CLANG_ANALYZER_NONNULL = YES;
				CLANG_ANALYZER_NUMBER_OBJECT_CONVERSION = YES_AGGRESSIVE;
				CLANG_CXX_LANGUAGE_STANDARD = "gnu++20";
				CLANG_ENABLE_MODULES = YES;
				CLANG_ENABLE_OBJC_ARC = YES;
				CLANG_ENABLE_OBJC_WEAK = YES;
				CLANG_WARN_BLOCK_CAPTURE_AUTORELEASING = YES;
				CLANG_WARN_BOOL_CONVERSION = YES;
				CLANG_WARN_COMMA = YES;
				CLANG_WARN_CONSTANT_CONVERSION = YES;
				CLANG_WARN_DEPRECATED_OBJC_IMPLEMENTATIONS = YES;
				CLANG_WARN_DIRECT_OBJC_ISA_USAGE = YES_ERROR;
				CLANG_WARN_DOCUMENTATION_COMMENTS = YES;
				CLANG_WARN_EMPTY_BODY = YES;
				CLANG_WARN_ENUM_CONVERSION = YES;
				CLANG_WARN_INFINITE_RECURSION = YES;
				CLANG_WARN_INT_CONVERSION = YES;
				CLANG_WARN_NON_LITERAL_NULL_CONVERSION = YES;
				CLANG_WARN_OBJC_IMPLICIT_RETAIN_SELF = YES;
				CLANG_WARN_OBJC_LITERAL_CONVERSION = YES;
				CLANG_WARN_OBJC_ROOT_CLASS = YES_ERROR;
				CLANG_WARN_QUOTED_INCLUDE_IN_FRAMEWORK_HEADER = YES;
				CLANG_WARN_RANGE_LOOP_ANALYSIS = YES;
				CLANG_WARN_STRICT_PROTOTYPES = YES;
				CLANG_WARN_SUSPICIOUS_MOVE = YES;
				CLANG_WARN_UNGUARDED_AVAILABILITY = YES_AGGRESSIVE;
				CLANG_WARN_UNREACHABLE_CODE = YES;
				CLANG_WARN__DUPLICATE_METHOD_MATCH = YES;
				COPY_PHASE_STRIP = NO;
				DEBUG_INFORMATION_FORMAT = "dwarf-with-dsym";
				ENABLE_NS_ASSERTIONS = NO;
				ENABLE_STRICT_OBJC_MSGSEND = YES;
				ENABLE_USER_SCRIPT_SANDBOXING = YES;
				GCC_C_LANGUAGE_STANDARD = gnu17;
				GCC_NO_COMMON_BLOCKS = YES;
				GCC_WARN_64_TO_32_BIT_CONVERSION = YES;
				GCC_WARN_ABOUT_RETURN_TYPE = YES_ERROR;
				GCC_WARN_UNDECLARED_SELECTOR = YES;
				GCC_WARN_UNINITIALIZED_AUTOS = YES_AGGRESSIVE;
				GCC_WARN_UNUSED_FUNCTION = YES;
				GCC_WARN_UNUSED_VARIABLE = YES;
				IPHONEOS_DEPLOYMENT_TARGET = 17.0;
				LOCALIZATION_PREFERS_STRING_CATALOGS = YES;
				MTL_ENABLE_DEBUG_INFO = NO;
				MTL_FAST_MATH = YES;
				SDKROOT = iphoneos;
				SWIFT_COMPILATION_MODE = wholemodule;
				VALIDATE_PRODUCT = YES;
			};
			name = Release;
		};
		DDD1E2432B28141B0047F456 /* Debug */ = {
			isa = XCBuildConfiguration;
			buildSettings = {
				ASSETCATALOG_COMPILER_APPICON_NAME = AppIcon;
				ASSETCATALOG_COMPILER_GLOBAL_ACCENT_COLOR_NAME = AccentColor;
				CODE_SIGN_STYLE = Automatic;
				CURRENT_PROJECT_VERSION = 1;
				DEVELOPMENT_ASSET_PATHS = "\"Messenger-SwiftUI/Preview Content\"";
				DEVELOPMENT_TEAM = PD5C78B8LS;
				ENABLE_PREVIEWS = YES;
				GENERATE_INFOPLIST_FILE = YES;
				INFOPLIST_FILE = "Messenger-SwiftUI/Info.plist";
				INFOPLIST_KEY_CFBundleDisplayName = "Blue Connect\n";
				INFOPLIST_KEY_UIApplicationSceneManifest_Generation = YES;
				INFOPLIST_KEY_UIApplicationSupportsIndirectInputEvents = YES;
				INFOPLIST_KEY_UILaunchScreen_Generation = YES;
				INFOPLIST_KEY_UILaunchStoryboardName = "Launch Screen.storyboard";
				INFOPLIST_KEY_UISupportedInterfaceOrientations = "UIInterfaceOrientationLandscapeLeft UIInterfaceOrientationLandscapeRight UIInterfaceOrientationPortrait UIInterfaceOrientationPortraitUpsideDown";
				INFOPLIST_KEY_UISupportedInterfaceOrientations_iPad = UIInterfaceOrientationPortrait;
				LD_RUNPATH_SEARCH_PATHS = (
					"$(inherited)",
					"@executable_path/Frameworks",
				);
				MARKETING_VERSION = 1.0;
				PRODUCT_BUNDLE_IDENTIFIER = "com.iamblue.Messenger-SwiftUI";
				PRODUCT_NAME = "$(TARGET_NAME)";
				SWIFT_EMIT_LOC_STRINGS = YES;
				SWIFT_VERSION = 5.0;
				TARGETED_DEVICE_FAMILY = "1,2";
			};
			name = Debug;
		};
		DDD1E2442B28141B0047F456 /* Release */ = {
			isa = XCBuildConfiguration;
			buildSettings = {
				ASSETCATALOG_COMPILER_APPICON_NAME = AppIcon;
				ASSETCATALOG_COMPILER_GLOBAL_ACCENT_COLOR_NAME = AccentColor;
				CODE_SIGN_STYLE = Automatic;
				CURRENT_PROJECT_VERSION = 1;
				DEVELOPMENT_ASSET_PATHS = "\"Messenger-SwiftUI/Preview Content\"";
				DEVELOPMENT_TEAM = PD5C78B8LS;
				ENABLE_PREVIEWS = YES;
				GENERATE_INFOPLIST_FILE = YES;
				INFOPLIST_FILE = "Messenger-SwiftUI/Info.plist";
				INFOPLIST_KEY_CFBundleDisplayName = "Blue Connect\n";
				INFOPLIST_KEY_UIApplicationSceneManifest_Generation = YES;
				INFOPLIST_KEY_UIApplicationSupportsIndirectInputEvents = YES;
				INFOPLIST_KEY_UILaunchScreen_Generation = YES;
				INFOPLIST_KEY_UILaunchStoryboardName = "Launch Screen.storyboard";
				INFOPLIST_KEY_UISupportedInterfaceOrientations = "UIInterfaceOrientationLandscapeLeft UIInterfaceOrientationLandscapeRight UIInterfaceOrientationPortrait UIInterfaceOrientationPortraitUpsideDown";
				INFOPLIST_KEY_UISupportedInterfaceOrientations_iPad = UIInterfaceOrientationPortrait;
				LD_RUNPATH_SEARCH_PATHS = (
					"$(inherited)",
					"@executable_path/Frameworks",
				);
				MARKETING_VERSION = 1.0;
				PRODUCT_BUNDLE_IDENTIFIER = "com.iamblue.Messenger-SwiftUI";
				PRODUCT_NAME = "$(TARGET_NAME)";
				SWIFT_EMIT_LOC_STRINGS = YES;
				SWIFT_VERSION = 5.0;
				TARGETED_DEVICE_FAMILY = "1,2";
			};
			name = Release;
		};
/* End XCBuildConfiguration section */

/* Begin XCConfigurationList section */
		DDD1E22D2B28141A0047F456 /* Build configuration list for PBXProject "Messenger-SwiftUI" */ = {
			isa = XCConfigurationList;
			buildConfigurations = (
				DDD1E2402B28141B0047F456 /* Debug */,
				DDD1E2412B28141B0047F456 /* Release */,
			);
			defaultConfigurationIsVisible = 0;
			defaultConfigurationName = Release;
		};
		DDD1E2422B28141B0047F456 /* Build configuration list for PBXNativeTarget "Messenger-SwiftUI" */ = {
			isa = XCConfigurationList;
			buildConfigurations = (
				DDD1E2432B28141B0047F456 /* Debug */,
				DDD1E2442B28141B0047F456 /* Release */,
			);
			defaultConfigurationIsVisible = 0;
			defaultConfigurationName = Release;
		};
/* End XCConfigurationList section */

/* Begin XCRemoteSwiftPackageReference section */
		DDC35EEA2B32C7F200A20DDE /* XCRemoteSwiftPackageReference "Kingfisher" */ = {
			isa = XCRemoteSwiftPackageReference;
			repositoryURL = "https://github.com/onevcat/Kingfisher.git";
			requirement = {
				kind = upToNextMajorVersion;
				minimumVersion = 7.10.1;
			};
		};
		DDC7285A2B29A60400B068E6 /* XCRemoteSwiftPackageReference "firebase-ios-sdk" */ = {
			isa = XCRemoteSwiftPackageReference;
			repositoryURL = "https://github.com/firebase/firebase-ios-sdk";
			requirement = {
				kind = upToNextMajorVersion;
				minimumVersion = 10.19.0;
			};
		};
/* End XCRemoteSwiftPackageReference section */

/* Begin XCSwiftPackageProductDependency section */
		DDC35EEB2B32C7F200A20DDE /* Kingfisher */ = {
			isa = XCSwiftPackageProductDependency;
			package = DDC35EEA2B32C7F200A20DDE /* XCRemoteSwiftPackageReference "Kingfisher" */;
			productName = Kingfisher;
		};
		DDC7285B2B29A60400B068E6 /* FirebaseAnalytics */ = {
			isa = XCSwiftPackageProductDependency;
			package = DDC7285A2B29A60400B068E6 /* XCRemoteSwiftPackageReference "firebase-ios-sdk" */;
			productName = FirebaseAnalytics;
		};
		DDC7285D2B29A60400B068E6 /* FirebaseAnalyticsOnDeviceConversion */ = {
			isa = XCSwiftPackageProductDependency;
			package = DDC7285A2B29A60400B068E6 /* XCRemoteSwiftPackageReference "firebase-ios-sdk" */;
			productName = FirebaseAnalyticsOnDeviceConversion;
		};
		DDC7285F2B29A60400B068E6 /* FirebaseAnalyticsSwift */ = {
			isa = XCSwiftPackageProductDependency;
			package = DDC7285A2B29A60400B068E6 /* XCRemoteSwiftPackageReference "firebase-ios-sdk" */;
			productName = FirebaseAnalyticsSwift;
		};
		DDC728612B29A60400B068E6 /* FirebaseAnalyticsWithoutAdIdSupport */ = {
			isa = XCSwiftPackageProductDependency;
			package = DDC7285A2B29A60400B068E6 /* XCRemoteSwiftPackageReference "firebase-ios-sdk" */;
			productName = FirebaseAnalyticsWithoutAdIdSupport;
		};
		DDC728632B29A60400B068E6 /* FirebaseAppCheck */ = {
			isa = XCSwiftPackageProductDependency;
			package = DDC7285A2B29A60400B068E6 /* XCRemoteSwiftPackageReference "firebase-ios-sdk" */;
			productName = FirebaseAppCheck;
		};
		DDC728652B29A60400B068E6 /* FirebaseAppDistribution-Beta */ = {
			isa = XCSwiftPackageProductDependency;
			package = DDC7285A2B29A60400B068E6 /* XCRemoteSwiftPackageReference "firebase-ios-sdk" */;
			productName = "FirebaseAppDistribution-Beta";
		};
		DDC728672B29A60400B068E6 /* FirebaseAuth */ = {
			isa = XCSwiftPackageProductDependency;
			package = DDC7285A2B29A60400B068E6 /* XCRemoteSwiftPackageReference "firebase-ios-sdk" */;
			productName = FirebaseAuth;
		};
		DDC728692B29A60400B068E6 /* FirebaseAuthCombine-Community */ = {
			isa = XCSwiftPackageProductDependency;
			package = DDC7285A2B29A60400B068E6 /* XCRemoteSwiftPackageReference "firebase-ios-sdk" */;
			productName = "FirebaseAuthCombine-Community";
		};
		DDC7286B2B29A60400B068E6 /* FirebaseCrashlytics */ = {
			isa = XCSwiftPackageProductDependency;
			package = DDC7285A2B29A60400B068E6 /* XCRemoteSwiftPackageReference "firebase-ios-sdk" */;
			productName = FirebaseCrashlytics;
		};
		DDC7286D2B29A60400B068E6 /* FirebaseDatabase */ = {
			isa = XCSwiftPackageProductDependency;
			package = DDC7285A2B29A60400B068E6 /* XCRemoteSwiftPackageReference "firebase-ios-sdk" */;
			productName = FirebaseDatabase;
		};
		DDC7286F2B29A60400B068E6 /* FirebaseDatabaseSwift */ = {
			isa = XCSwiftPackageProductDependency;
			package = DDC7285A2B29A60400B068E6 /* XCRemoteSwiftPackageReference "firebase-ios-sdk" */;
			productName = FirebaseDatabaseSwift;
		};
		DDC728712B29A60400B068E6 /* FirebaseDynamicLinks */ = {
			isa = XCSwiftPackageProductDependency;
			package = DDC7285A2B29A60400B068E6 /* XCRemoteSwiftPackageReference "firebase-ios-sdk" */;
			productName = FirebaseDynamicLinks;
		};
		DDC728732B29A60400B068E6 /* FirebaseFirestore */ = {
			isa = XCSwiftPackageProductDependency;
			package = DDC7285A2B29A60400B068E6 /* XCRemoteSwiftPackageReference "firebase-ios-sdk" */;
			productName = FirebaseFirestore;
		};
		DDC728752B29A60400B068E6 /* FirebaseFirestoreCombine-Community */ = {
			isa = XCSwiftPackageProductDependency;
			package = DDC7285A2B29A60400B068E6 /* XCRemoteSwiftPackageReference "firebase-ios-sdk" */;
			productName = "FirebaseFirestoreCombine-Community";
		};
		DDC728772B29A60400B068E6 /* FirebaseFirestoreSwift */ = {
			isa = XCSwiftPackageProductDependency;
			package = DDC7285A2B29A60400B068E6 /* XCRemoteSwiftPackageReference "firebase-ios-sdk" */;
			productName = FirebaseFirestoreSwift;
		};
		DDC728792B29A60400B068E6 /* FirebaseFunctions */ = {
			isa = XCSwiftPackageProductDependency;
			package = DDC7285A2B29A60400B068E6 /* XCRemoteSwiftPackageReference "firebase-ios-sdk" */;
			productName = FirebaseFunctions;
		};
		DDC7287B2B29A60400B068E6 /* FirebaseFunctionsCombine-Community */ = {
			isa = XCSwiftPackageProductDependency;
			package = DDC7285A2B29A60400B068E6 /* XCRemoteSwiftPackageReference "firebase-ios-sdk" */;
			productName = "FirebaseFunctionsCombine-Community";
		};
		DDC7287D2B29A60400B068E6 /* FirebaseInAppMessaging-Beta */ = {
			isa = XCSwiftPackageProductDependency;
			package = DDC7285A2B29A60400B068E6 /* XCRemoteSwiftPackageReference "firebase-ios-sdk" */;
			productName = "FirebaseInAppMessaging-Beta";
		};
		DDC7287F2B29A60400B068E6 /* FirebaseInAppMessagingSwift-Beta */ = {
			isa = XCSwiftPackageProductDependency;
			package = DDC7285A2B29A60400B068E6 /* XCRemoteSwiftPackageReference "firebase-ios-sdk" */;
			productName = "FirebaseInAppMessagingSwift-Beta";
		};
		DDC728812B29A60400B068E6 /* FirebaseInstallations */ = {
			isa = XCSwiftPackageProductDependency;
			package = DDC7285A2B29A60400B068E6 /* XCRemoteSwiftPackageReference "firebase-ios-sdk" */;
			productName = FirebaseInstallations;
		};
		DDC728832B29A60400B068E6 /* FirebaseMLModelDownloader */ = {
			isa = XCSwiftPackageProductDependency;
			package = DDC7285A2B29A60400B068E6 /* XCRemoteSwiftPackageReference "firebase-ios-sdk" */;
			productName = FirebaseMLModelDownloader;
		};
		DDC728852B29A60400B068E6 /* FirebaseMessaging */ = {
			isa = XCSwiftPackageProductDependency;
			package = DDC7285A2B29A60400B068E6 /* XCRemoteSwiftPackageReference "firebase-ios-sdk" */;
			productName = FirebaseMessaging;
		};
		DDC728872B29A60400B068E6 /* FirebasePerformance */ = {
			isa = XCSwiftPackageProductDependency;
			package = DDC7285A2B29A60400B068E6 /* XCRemoteSwiftPackageReference "firebase-ios-sdk" */;
			productName = FirebasePerformance;
		};
		DDC728892B29A60400B068E6 /* FirebaseRemoteConfig */ = {
			isa = XCSwiftPackageProductDependency;
			package = DDC7285A2B29A60400B068E6 /* XCRemoteSwiftPackageReference "firebase-ios-sdk" */;
			productName = FirebaseRemoteConfig;
		};
		DDC7288B2B29A60400B068E6 /* FirebaseRemoteConfigSwift */ = {
			isa = XCSwiftPackageProductDependency;
			package = DDC7285A2B29A60400B068E6 /* XCRemoteSwiftPackageReference "firebase-ios-sdk" */;
			productName = FirebaseRemoteConfigSwift;
		};
		DDC7288D2B29A60400B068E6 /* FirebaseStorage */ = {
			isa = XCSwiftPackageProductDependency;
			package = DDC7285A2B29A60400B068E6 /* XCRemoteSwiftPackageReference "firebase-ios-sdk" */;
			productName = FirebaseStorage;
		};
		DDC7288F2B29A60400B068E6 /* FirebaseStorageCombine-Community */ = {
			isa = XCSwiftPackageProductDependency;
			package = DDC7285A2B29A60400B068E6 /* XCRemoteSwiftPackageReference "firebase-ios-sdk" */;
			productName = "FirebaseStorageCombine-Community";
		};
/* End XCSwiftPackageProductDependency section */
	};
	rootObject = DDD1E22A2B28141A0047F456 /* Project object */;
}
